Microsoft Visual Studio Solution File, Format Version 12.00
# Visual Studio Version 17
VisualStudioVersion = 17.5.2.0
MinimumVisualStudioVersion = 10.0.40219.1
Project("{FAE04EC0-301F-11D3-BF4B-00C04F79EFBC}") = "Bootcamp_API", "Bootcamp_API\Bootcamp_API.csproj", "{65D56633-8A04-85D9-3517-53FFF1A51A94}"
EndProject
Global
	GlobalSection(SolutionConfigurationPlatforms) = preSolution
		Debug|Any CPU = Debug|Any CPU
		Release|Any CPU = Release|Any CPU
	EndGlobalSection
	GlobalSection(ProjectConfigurationPlatforms) = postSolution
		{65D56633-8A04-85D9-3517-53FFF1A51A94}.Debug|Any CPU.ActiveCfg = Debug|Any CPU
		{65D56633-8A04-85D9-3517-53FFF1A51A94}.Debug|Any CPU.Build.0 = Debug|Any CPU
		{65D56633-8A04-85D9-3517-53FFF1A51A94}.Release|Any CPU.ActiveCfg = Release|Any CPU
		{65D56633-8A04-85D9-3517-53FFF1A51A94}.Release|Any CPU.Build.0 = Release|Any CPU
	EndGlobalSection
	GlobalSection(SolutionProperties) = preSolution
		HideSolutionNode = FALSE
	EndGlobalSection
	GlobalSection(ExtensibilityGlobals) = postSolution
		SolutionGuid = {7A1D950D-B998-4817-905B-F55205F82109}
	EndGlobalSection
EndGlobal
